# This file is autogenerated, do not edit; changes may be undone by the next 'dep ensure'.


[[projects]]
  branch = "master"
  name = "github.com/jackpal/bencode-go"
  packages = ["."]
  revision = "8b8d9a9b37fcd43f365439810d725081b114af68"

[solve-meta]
  analyzer-name = "dep"
  analyzer-version = 1
  inputs-digest = "e39f5d5a1d603be72b4324ca20692a050e82ca0bb2737ef7c2c531dbcc0ae6cc"
  solver-name = "gps-cdcl"
  solver-version = 1
