# This file is autogenerated, do not edit; changes may be undone by the next 'dep ensure'.


[[projects]]
  name = "github.com/go-errors/errors"
  packages = ["."]
  revision = "a6af135bd4e28680facf08a3d206b454abc877a4"
  version = "v1.0.1"

[[projects]]
  branch = "master"
  name = "github.com/jackpal/bencode-go"
  packages = ["."]
  revision = "8b8d9a9b37fcd43f365439810d725081b114af68"

[solve-meta]
  analyzer-name = "dep"
  analyzer-version = 1
  inputs-digest = "dec82d8f0e8555bf77e34e0525237a465c752d6711df94203efc323d50502d9b"
  solver-name = "gps-cdcl"
  solver-version = 1
